
Microsoft Visual Studio Solution File, Format Version 12.00
# Visual Studio 15
VisualStudioVersion = 15.0.27703.2018
MinimumVisualStudioVersion = 10.0.40219.1
Project("{FAE04EC0-301F-11D3-BF4B-00C04F79EFBC}") = "StandAloneReportServer", "StandAloneReportServer\StandAloneReportServer.csproj", "{8DA852DA-A4B3-473E-8C2D-5C9B8FDC502B}"
EndProject
Project("{FAE04EC0-301F-11D3-BF4B-00C04F79EFBC}") = "PatientInfo.API", "PatientInfo.API\PatientInfo.API.csproj", "{9219AFD7-820E-455A-B603-5DBD6ED886C5}"
EndProject
Global
	GlobalSection(SolutionConfigurationPlatforms) = preSolution
		Debug|Any CPU = Debug|Any CPU
		Release|Any CPU = Release|Any CPU
	EndGlobalSection
	GlobalSection(ProjectConfigurationPlatforms) = postSolution
		{8DA852DA-A4B3-473E-8C2D-5C9B8FDC502B}.Debug|Any CPU.ActiveCfg = Debug|Any CPU
		{8DA852DA-A4B3-473E-8C2D-5C9B8FDC502B}.Debug|Any CPU.Build.0 = Debug|Any CPU
		{8DA852DA-A4B3-473E-8C2D-5C9B8FDC502B}.Release|Any CPU.ActiveCfg = Release|Any CPU
		{8DA852DA-A4B3-473E-8C2D-5C9B8FDC502B}.Release|Any CPU.Build.0 = Release|Any CPU
		{9219AFD7-820E-455A-B603-5DBD6ED886C5}.Debug|Any CPU.ActiveCfg = Debug|Any CPU
		{9219AFD7-820E-455A-B603-5DBD6ED886C5}.Debug|Any CPU.Build.0 = Debug|Any CPU
		{9219AFD7-820E-455A-B603-5DBD6ED886C5}.Release|Any CPU.ActiveCfg = Release|Any CPU
		{9219AFD7-820E-455A-B603-5DBD6ED886C5}.Release|Any CPU.Build.0 = Release|Any CPU
	EndGlobalSection
	GlobalSection(SolutionProperties) = preSolution
		HideSolutionNode = FALSE
	EndGlobalSection
	GlobalSection(ExtensibilityGlobals) = postSolution
		SolutionGuid = {832B7ECE-EEA4-499B-B3D5-A66596AE23A1}
	EndGlobalSection
EndGlobal
